
Microsoft Visual Studio Solution File, Format Version 12.00
# Visual Studio Version 16
VisualStudioVersion = 16.0.30804.86
MinimumVisualStudioVersion = 10.0.40219.1
Project("{FAE04EC0-301F-11D3-BF4B-00C04F79EFBC}") = "mongodb", "mongodb\mongodb.csproj", "{AAEE55B7-911D-4FF5-AB04-15433DBE379A}"
EndProject
Global
	GlobalSection(SolutionConfigurationPlatforms) = preSolution
		Debug|Any CPU = Debug|Any CPU
		Release|Any CPU = Release|Any CPU
	EndGlobalSection
	GlobalSection(ProjectConfigurationPlatforms) = postSolution
		{AAEE55B7-911D-4FF5-AB04-15433DBE379A}.Debug|Any CPU.ActiveCfg = Debug|Any CPU
		{AAEE55B7-911D-4FF5-AB04-15433DBE379A}.Debug|Any CPU.Build.0 = Debug|Any CPU
		{AAEE55B7-911D-4FF5-AB04-15433DBE379A}.Release|Any CPU.ActiveCfg = Release|Any CPU
		{AAEE55B7-911D-4FF5-AB04-15433DBE379A}.Release|Any CPU.Build.0 = Release|Any CPU
	EndGlobalSection
	GlobalSection(SolutionProperties) = preSolution
		HideSolutionNode = FALSE
	EndGlobalSection
	GlobalSection(ExtensibilityGlobals) = postSolution
		SolutionGuid = {80DB062B-9BEA-47C6-A5CB-78307208C839}
	EndGlobalSection
EndGlobal
